// !$*UTF8*$!
{
	archiveVersion = 1;
	classes = {
	};
	objectVersion = 51;
	objects = {

/* Begin PBXBuildFile section */
		3B15E276250E0C7300BC7E69 /* AppDelegate.swift in Sources */ = {isa = PBXBuildFile; fileRef = 3B15E275250E0C7300BC7E69 /* AppDelegate.swift */; };
		3B15E27A250E0C7300BC7E69 /* ProfileViewController.swift in Sources */ = {isa = PBXBuildFile; fileRef = 3B15E279250E0C7300BC7E69 /* ProfileViewController.swift */; };
		3B15E27D250E0C7300BC7E69 /* Main.storyboard in Resources */ = {isa = PBXBuildFile; fileRef = 3B15E27B250E0C7300BC7E69 /* Main.storyboard */; };
		3B15E27F250E0C7600BC7E69 /* Assets.xcassets in Resources */ = {isa = PBXBuildFile; fileRef = 3B15E27E250E0C7600BC7E69 /* Assets.xcassets */; };
		3B15E282250E0C7600BC7E69 /* LaunchScreen.storyboard in Resources */ = {isa = PBXBuildFile; fileRef = 3B15E280250E0C7600BC7E69 /* LaunchScreen.storyboard */; };
		3B15E28C250E107300BC7E69 /* SwitchLogs.swift in Sources */ = {isa = PBXBuildFile; fileRef = 3B15E28B250E107300BC7E69 /* SwitchLogs.swift */; };
		3B5EFD73253C5E3700E19AA1 /* GoogleService-Info.plist in Resources */ = {isa = PBXBuildFile; fileRef = 3B5EFD72253C5E3700E19AA1 /* GoogleService-Info.plist */; };
		3B5EFD76253D908700E19AA1 /* Channel.swift in Sources */ = {isa = PBXBuildFile; fileRef = 3B5EFD75253D908700E19AA1 /* Channel.swift */; };
		3B5EFD78253D912000E19AA1 /* Message.swift in Sources */ = {isa = PBXBuildFile; fileRef = 3B5EFD77253D912000E19AA1 /* Message.swift */; };
		3B5EFD7B254584FD00E19AA1 /* Chat.xcdatamodeld in Sources */ = {isa = PBXBuildFile; fileRef = 3B5EFD79254584FD00E19AA1 /* Chat.xcdatamodeld */; };
		3B5EFD7E2545857500E19AA1 /* CoreDataStack.swift in Sources */ = {isa = PBXBuildFile; fileRef = 3B5EFD7D2545857500E19AA1 /* CoreDataStack.swift */; };
		3B5EFD802545C7AC00E19AA1 /* ObjectsExtensions.swift in Sources */ = {isa = PBXBuildFile; fileRef = 3B5EFD7F2545C7AB00E19AA1 /* ObjectsExtensions.swift */; };
		3B65B76625347866004B760E /* GCDDataManager.swift in Sources */ = {isa = PBXBuildFile; fileRef = 3B65B76525347866004B760E /* GCDDataManager.swift */; };
		3B65B7682534789F004B760E /* DataManagerProtocol.swift in Sources */ = {isa = PBXBuildFile; fileRef = 3B65B7672534789F004B760E /* DataManagerProtocol.swift */; };
		3B65B76A253478B1004B760E /* OperationDataManager.swift in Sources */ = {isa = PBXBuildFile; fileRef = 3B65B769253478B1004B760E /* OperationDataManager.swift */; };
		3B65B76C25347DA9004B760E /* Files.swift in Sources */ = {isa = PBXBuildFile; fileRef = 3B65B76B25347DA9004B760E /* Files.swift */; };
		3B65B76E2534AB93004B760E /* ProfileInfo.swift in Sources */ = {isa = PBXBuildFile; fileRef = 3B65B76D2534AB93004B760E /* ProfileInfo.swift */; };
		3B68B66B25599D6600FD1998 /* CoreAssembly.swift in Sources */ = {isa = PBXBuildFile; fileRef = 3B68B66A25599D6600FD1998 /* CoreAssembly.swift */; };
		3B68B66D2559A18900FD1998 /* CoreDataManager.swift in Sources */ = {isa = PBXBuildFile; fileRef = 3B68B66C2559A18900FD1998 /* CoreDataManager.swift */; };
		3B68B66F255A8A1C00FD1998 /* FirebaseManager.swift in Sources */ = {isa = PBXBuildFile; fileRef = 3B68B66E255A8A1C00FD1998 /* FirebaseManager.swift */; };
		3B68B671255A8D5500FD1998 /* ServiceAssembly.swift in Sources */ = {isa = PBXBuildFile; fileRef = 3B68B670255A8D5500FD1998 /* ServiceAssembly.swift */; };
		3B68B673255A9DD400FD1998 /* ConversationListModel.swift in Sources */ = {isa = PBXBuildFile; fileRef = 3B68B672255A9DD400FD1998 /* ConversationListModel.swift */; };
		3B68B675255AB31600FD1998 /* RootAssembly.swift in Sources */ = {isa = PBXBuildFile; fileRef = 3B68B674255AB31600FD1998 /* RootAssembly.swift */; };
		3B68B677255AB45600FD1998 /* PresentationAssembly.swift in Sources */ = {isa = PBXBuildFile; fileRef = 3B68B676255AB45600FD1998 /* PresentationAssembly.swift */; };
		3B68B679255AF28700FD1998 /* ConversationsModel.swift in Sources */ = {isa = PBXBuildFile; fileRef = 3B68B678255AF28700FD1998 /* ConversationsModel.swift */; };
		3B68B67B255C086700FD1998 /* AlertManager.swift in Sources */ = {isa = PBXBuildFile; fileRef = 3B68B67A255C086700FD1998 /* AlertManager.swift */; };
		3B68B680255D23E400FD1998 /* ProfileModel.swift in Sources */ = {isa = PBXBuildFile; fileRef = 3B68B67F255D23E400FD1998 /* ProfileModel.swift */; };
		3B6D691A252B7EE600EAE76F /* ThemesPickerDelegate.swift in Sources */ = {isa = PBXBuildFile; fileRef = 3B6D6919252B7EE600EAE76F /* ThemesPickerDelegate.swift */; };
		3B6D691C252BA38000EAE76F /* ThemeColors.swift in Sources */ = {isa = PBXBuildFile; fileRef = 3B6D691B252BA38000EAE76F /* ThemeColors.swift */; };
		3B6D691E252C77FF00EAE76F /* ThemeManager.swift in Sources */ = {isa = PBXBuildFile; fileRef = 3B6D691D252C77FF00EAE76F /* ThemeManager.swift */; };
		3B7D32622514F2BB002FD929 /* SF-Pro-Display-Regular.otf in Resources */ = {isa = PBXBuildFile; fileRef = 3B7D32612514F2BB002FD929 /* SF-Pro-Display-Regular.otf */; };
		3B7D326525175913002FD929 /* SF-Pro-Text-Regular.otf in Resources */ = {isa = PBXBuildFile; fileRef = 3B7D326425175913002FD929 /* SF-Pro-Text-Regular.otf */; };
		3B7D326725175CA6002FD929 /* Roboto-Regular.ttf in Resources */ = {isa = PBXBuildFile; fileRef = 3B7D326625175CA6002FD929 /* Roboto-Regular.ttf */; };
		3B7D3271251DF43B002FD929 /* ConversationsListViewController.swift in Sources */ = {isa = PBXBuildFile; fileRef = 3B7D3270251DF43A002FD929 /* ConversationsListViewController.swift */; };
		3B7D3273251DF6D0002FD929 /* Constants.swift in Sources */ = {isa = PBXBuildFile; fileRef = 3B7D3272251DF6D0002FD929 /* Constants.swift */; };
		3B7D3279251E06B0002FD929 /* ConversationCell.swift in Sources */ = {isa = PBXBuildFile; fileRef = 3B7D3277251E06B0002FD929 /* ConversationCell.swift */; };
		3B7D327A251E06B0002FD929 /* ConversationCell.xib in Resources */ = {isa = PBXBuildFile; fileRef = 3B7D3278251E06B0002FD929 /* ConversationCell.xib */; };
		3B7D327C25221097002FD929 /* ConfigurableView.swift in Sources */ = {isa = PBXBuildFile; fileRef = 3B7D327B25221096002FD929 /* ConfigurableView.swift */; };
		3B7D328225226BA9002FD929 /* ConversationViewController.swift in Sources */ = {isa = PBXBuildFile; fileRef = 3B7D328125226BA9002FD929 /* ConversationViewController.swift */; };
		3B7D328725233752002FD929 /* MessageCell.swift in Sources */ = {isa = PBXBuildFile; fileRef = 3B7D328525233752002FD929 /* MessageCell.swift */; };
		3B7D328825233752002FD929 /* MessageCell.xib in Resources */ = {isa = PBXBuildFile; fileRef = 3B7D328625233752002FD929 /* MessageCell.xib */; };
		3B7D32902529E0C9002FD929 /* Themes.storyboard in Resources */ = {isa = PBXBuildFile; fileRef = 3B7D328F2529E0C8002FD929 /* Themes.storyboard */; };
		3B7D32922529E1BE002FD929 /* ThemesViewController.swift in Sources */ = {isa = PBXBuildFile; fileRef = 3B7D32912529E1BE002FD929 /* ThemesViewController.swift */; };
		C81996D5350CCB89B39E8D5B /* Pods_ChatForTinkoff.framework in Frameworks */ = {isa = PBXBuildFile; fileRef = C38F21D33D194EF7369F0D3D /* Pods_ChatForTinkoff.framework */; };
/* End PBXBuildFile section */

/* Begin PBXFileReference section */
		3B15E272250E0C7300BC7E69 /* ChatForTinkoff.app */ = {isa = PBXFileReference; explicitFileType = wrapper.application; includeInIndex = 0; path = ChatForTinkoff.app; sourceTree = BUILT_PRODUCTS_DIR; };
		3B15E275250E0C7300BC7E69 /* AppDelegate.swift */ = {isa = PBXFileReference; lastKnownFileType = sourcecode.swift; path = AppDelegate.swift; sourceTree = "<group>"; };
		3B15E279250E0C7300BC7E69 /* ProfileViewController.swift */ = {isa = PBXFileReference; lastKnownFileType = sourcecode.swift; path = ProfileViewController.swift; sourceTree = "<group>"; };
		3B15E27C250E0C7300BC7E69 /* Base */ = {isa = PBXFileReference; lastKnownFileType = file.storyboard; name = Base; path = Base.lproj/Main.storyboard; sourceTree = "<group>"; };
		3B15E27E250E0C7600BC7E69 /* Assets.xcassets */ = {isa = PBXFileReference; lastKnownFileType = folder.assetcatalog; path = Assets.xcassets; sourceTree = "<group>"; };
		3B15E281250E0C7600BC7E69 /* Base */ = {isa = PBXFileReference; lastKnownFileType = file.storyboard; name = Base; path = Base.lproj/LaunchScreen.storyboard; sourceTree = "<group>"; };
		3B15E283250E0C7600BC7E69 /* Info.plist */ = {isa = PBXFileReference; lastKnownFileType = text.plist.xml; path = Info.plist; sourceTree = "<group>"; };
		3B15E28B250E107300BC7E69 /* SwitchLogs.swift */ = {isa = PBXFileReference; lastKnownFileType = sourcecode.swift; path = SwitchLogs.swift; sourceTree = "<group>"; };
		3B5EFD72253C5E3700E19AA1 /* GoogleService-Info.plist */ = {isa = PBXFileReference; fileEncoding = 4; lastKnownFileType = text.plist.xml; path = "GoogleService-Info.plist"; sourceTree = "<group>"; };
		3B5EFD75253D908700E19AA1 /* Channel.swift */ = {isa = PBXFileReference; lastKnownFileType = sourcecode.swift; path = Channel.swift; sourceTree = "<group>"; };
		3B5EFD77253D912000E19AA1 /* Message.swift */ = {isa = PBXFileReference; lastKnownFileType = sourcecode.swift; path = Message.swift; sourceTree = "<group>"; };
		3B5EFD7A254584FD00E19AA1 /* Chat.xcdatamodel */ = {isa = PBXFileReference; lastKnownFileType = wrapper.xcdatamodel; path = Chat.xcdatamodel; sourceTree = "<group>"; };
		3B5EFD7D2545857500E19AA1 /* CoreDataStack.swift */ = {isa = PBXFileReference; lastKnownFileType = sourcecode.swift; path = CoreDataStack.swift; sourceTree = "<group>"; };
		3B5EFD7F2545C7AB00E19AA1 /* ObjectsExtensions.swift */ = {isa = PBXFileReference; lastKnownFileType = sourcecode.swift; path = ObjectsExtensions.swift; sourceTree = "<group>"; };
		3B65B76525347866004B760E /* GCDDataManager.swift */ = {isa = PBXFileReference; lastKnownFileType = sourcecode.swift; path = GCDDataManager.swift; sourceTree = "<group>"; };
		3B65B7672534789F004B760E /* DataManagerProtocol.swift */ = {isa = PBXFileReference; lastKnownFileType = sourcecode.swift; path = DataManagerProtocol.swift; sourceTree = "<group>"; };
		3B65B769253478B1004B760E /* OperationDataManager.swift */ = {isa = PBXFileReference; lastKnownFileType = sourcecode.swift; path = OperationDataManager.swift; sourceTree = "<group>"; };
		3B65B76B25347DA9004B760E /* Files.swift */ = {isa = PBXFileReference; lastKnownFileType = sourcecode.swift; path = Files.swift; sourceTree = "<group>"; };
		3B65B76D2534AB93004B760E /* ProfileInfo.swift */ = {isa = PBXFileReference; lastKnownFileType = sourcecode.swift; path = ProfileInfo.swift; sourceTree = "<group>"; };
		3B68B66A25599D6600FD1998 /* CoreAssembly.swift */ = {isa = PBXFileReference; lastKnownFileType = sourcecode.swift; path = CoreAssembly.swift; sourceTree = "<group>"; };
		3B68B66C2559A18900FD1998 /* CoreDataManager.swift */ = {isa = PBXFileReference; lastKnownFileType = sourcecode.swift; path = CoreDataManager.swift; sourceTree = "<group>"; };
		3B68B66E255A8A1C00FD1998 /* FirebaseManager.swift */ = {isa = PBXFileReference; lastKnownFileType = sourcecode.swift; path = FirebaseManager.swift; sourceTree = "<group>"; };
		3B68B670255A8D5500FD1998 /* ServiceAssembly.swift */ = {isa = PBXFileReference; lastKnownFileType = sourcecode.swift; path = ServiceAssembly.swift; sourceTree = "<group>"; };
		3B68B672255A9DD400FD1998 /* ConversationListModel.swift */ = {isa = PBXFileReference; lastKnownFileType = sourcecode.swift; path = ConversationListModel.swift; sourceTree = "<group>"; };
		3B68B674255AB31600FD1998 /* RootAssembly.swift */ = {isa = PBXFileReference; lastKnownFileType = sourcecode.swift; path = RootAssembly.swift; sourceTree = "<group>"; };
		3B68B676255AB45600FD1998 /* PresentationAssembly.swift */ = {isa = PBXFileReference; lastKnownFileType = sourcecode.swift; path = PresentationAssembly.swift; sourceTree = "<group>"; };
		3B68B678255AF28700FD1998 /* ConversationsModel.swift */ = {isa = PBXFileReference; lastKnownFileType = sourcecode.swift; path = ConversationsModel.swift; sourceTree = "<group>"; };
		3B68B67A255C086700FD1998 /* AlertManager.swift */ = {isa = PBXFileReference; lastKnownFileType = sourcecode.swift; path = AlertManager.swift; sourceTree = "<group>"; };
		3B68B67F255D23E400FD1998 /* ProfileModel.swift */ = {isa = PBXFileReference; lastKnownFileType = sourcecode.swift; path = ProfileModel.swift; sourceTree = "<group>"; };
		3B6D6919252B7EE600EAE76F /* ThemesPickerDelegate.swift */ = {isa = PBXFileReference; lastKnownFileType = sourcecode.swift; path = ThemesPickerDelegate.swift; sourceTree = "<group>"; };
		3B6D691B252BA38000EAE76F /* ThemeColors.swift */ = {isa = PBXFileReference; lastKnownFileType = sourcecode.swift; path = ThemeColors.swift; sourceTree = "<group>"; };
		3B6D691D252C77FF00EAE76F /* ThemeManager.swift */ = {isa = PBXFileReference; lastKnownFileType = sourcecode.swift; path = ThemeManager.swift; sourceTree = "<group>"; };
		3B7D32612514F2BB002FD929 /* SF-Pro-Display-Regular.otf */ = {isa = PBXFileReference; lastKnownFileType = file; path = "SF-Pro-Display-Regular.otf"; sourceTree = "<group>"; };
		3B7D326425175913002FD929 /* SF-Pro-Text-Regular.otf */ = {isa = PBXFileReference; lastKnownFileType = file; path = "SF-Pro-Text-Regular.otf"; sourceTree = "<group>"; };
		3B7D326625175CA6002FD929 /* Roboto-Regular.ttf */ = {isa = PBXFileReference; lastKnownFileType = file; path = "Roboto-Regular.ttf"; sourceTree = "<group>"; };
		3B7D3270251DF43A002FD929 /* ConversationsListViewController.swift */ = {isa = PBXFileReference; lastKnownFileType = sourcecode.swift; path = ConversationsListViewController.swift; sourceTree = "<group>"; };
		3B7D3272251DF6D0002FD929 /* Constants.swift */ = {isa = PBXFileReference; lastKnownFileType = sourcecode.swift; path = Constants.swift; sourceTree = "<group>"; };
		3B7D3277251E06B0002FD929 /* ConversationCell.swift */ = {isa = PBXFileReference; lastKnownFileType = sourcecode.swift; path = ConversationCell.swift; sourceTree = "<group>"; };
		3B7D3278251E06B0002FD929 /* ConversationCell.xib */ = {isa = PBXFileReference; lastKnownFileType = file.xib; path = ConversationCell.xib; sourceTree = "<group>"; };
		3B7D327B25221096002FD929 /* ConfigurableView.swift */ = {isa = PBXFileReference; lastKnownFileType = sourcecode.swift; path = ConfigurableView.swift; sourceTree = "<group>"; };
		3B7D328125226BA9002FD929 /* ConversationViewController.swift */ = {isa = PBXFileReference; lastKnownFileType = sourcecode.swift; path = ConversationViewController.swift; sourceTree = "<group>"; };
		3B7D328525233752002FD929 /* MessageCell.swift */ = {isa = PBXFileReference; lastKnownFileType = sourcecode.swift; path = MessageCell.swift; sourceTree = "<group>"; };
		3B7D328625233752002FD929 /* MessageCell.xib */ = {isa = PBXFileReference; lastKnownFileType = file.xib; path = MessageCell.xib; sourceTree = "<group>"; };
		3B7D328F2529E0C8002FD929 /* Themes.storyboard */ = {isa = PBXFileReference; lastKnownFileType = file.storyboard; path = Themes.storyboard; sourceTree = "<group>"; };
		3B7D32912529E1BE002FD929 /* ThemesViewController.swift */ = {isa = PBXFileReference; lastKnownFileType = sourcecode.swift; path = ThemesViewController.swift; sourceTree = "<group>"; };
		9D5B0A40E019E6795C4D3E46 /* Pods-ChatForTinkoff.release.xcconfig */ = {isa = PBXFileReference; includeInIndex = 1; lastKnownFileType = text.xcconfig; name = "Pods-ChatForTinkoff.release.xcconfig"; path = "Target Support Files/Pods-ChatForTinkoff/Pods-ChatForTinkoff.release.xcconfig"; sourceTree = "<group>"; };
		C38F21D33D194EF7369F0D3D /* Pods_ChatForTinkoff.framework */ = {isa = PBXFileReference; explicitFileType = wrapper.framework; includeInIndex = 0; path = Pods_ChatForTinkoff.framework; sourceTree = BUILT_PRODUCTS_DIR; };
		C8C554D28ECAF252CE784E6F /* Pods-ChatForTinkoff.debug.xcconfig */ = {isa = PBXFileReference; includeInIndex = 1; lastKnownFileType = text.xcconfig; name = "Pods-ChatForTinkoff.debug.xcconfig"; path = "Target Support Files/Pods-ChatForTinkoff/Pods-ChatForTinkoff.debug.xcconfig"; sourceTree = "<group>"; };
/* End PBXFileReference section */

/* Begin PBXFrameworksBuildPhase section */
		3B15E26F250E0C7300BC7E69 /* Frameworks */ = {
			isa = PBXFrameworksBuildPhase;
			buildActionMask = 2147483647;
			files = (
				C81996D5350CCB89B39E8D5B /* Pods_ChatForTinkoff.framework in Frameworks */,
			);
			runOnlyForDeploymentPostprocessing = 0;
		};
/* End PBXFrameworksBuildPhase section */

/* Begin PBXGroup section */
		3B15E269250E0C7300BC7E69 = {
			isa = PBXGroup;
			children = (
				3B15E273250E0C7300BC7E69 /* Products */,
				3B15E274250E0C7300BC7E69 /* ChatForTinkoff */,
				9159A1FCF42D4D1F47A78179 /* Pods */,
				B6B1F50741A21EDB33CF421B /* Frameworks */,
			);
			sourceTree = "<group>";
		};
		3B15E273250E0C7300BC7E69 /* Products */ = {
			isa = PBXGroup;
			children = (
				3B15E272250E0C7300BC7E69 /* ChatForTinkoff.app */,
			);
			name = Products;
			sourceTree = "<group>";
		};
		3B15E274250E0C7300BC7E69 /* ChatForTinkoff */ = {
			isa = PBXGroup;
			children = (
				3B68B64E255955EB00FD1998 /* PresentationLayer */,
				3B68B6622559673500FD1998 /* ServiceLayer */,
				3B68B666255967AD00FD1998 /* CoreLayer */,
				3B68B668255967F800FD1998 /* SupportingFiles */,
				3B15E275250E0C7300BC7E69 /* AppDelegate.swift */,
				3B15E283250E0C7600BC7E69 /* Info.plist */,
				3B5EFD72253C5E3700E19AA1 /* GoogleService-Info.plist */,
				3B15E280250E0C7600BC7E69 /* LaunchScreen.storyboard */,
				3B68B674255AB31600FD1998 /* RootAssembly.swift */,
			);
			path = ChatForTinkoff;
			sourceTree = "<group>";
		};
		3B5EFD7C2545854C00E19AA1 /* Core Data */ = {
			isa = PBXGroup;
			children = (
				3B5EFD79254584FD00E19AA1 /* Chat.xcdatamodeld */,
				3B5EFD7D2545857500E19AA1 /* CoreDataStack.swift */,
				3B5EFD7F2545C7AB00E19AA1 /* ObjectsExtensions.swift */,
			);
			path = "Core Data";
			sourceTree = "<group>";
		};
		3B68B64E255955EB00FD1998 /* PresentationLayer */ = {
			isa = PBXGroup;
			children = (
				3B68B64F2559560700FD1998 /* Assembly */,
				3B68B6502559561100FD1998 /* Modules */,
			);
			path = PresentationLayer;
			sourceTree = "<group>";
		};
		3B68B64F2559560700FD1998 /* Assembly */ = {
			isa = PBXGroup;
			children = (
				3B68B676255AB45600FD1998 /* PresentationAssembly.swift */,
			);
			path = Assembly;
			sourceTree = "<group>";
		};
		3B68B6502559561100FD1998 /* Modules */ = {
			isa = PBXGroup;
			children = (
				3B68B6552559568A00FD1998 /* Themes */,
				3B68B6542559568000FD1998 /* Profile */,
				3B68B6532559567600FD1998 /* Conversations */,
				3B68B6522559565000FD1998 /* ConversationList */,
				3B68B6512559563D00FD1998 /* View */,
			);
			path = Modules;
			sourceTree = "<group>";
		};
		3B68B6512559563D00FD1998 /* View */ = {
			isa = PBXGroup;
			children = (
				3B15E27B250E0C7300BC7E69 /* Main.storyboard */,
			);
			path = View;
			sourceTree = "<group>";
		};
		3B68B6522559565000FD1998 /* ConversationList */ = {
			isa = PBXGroup;
			children = (
				3B68B658255956AA00FD1998 /* View */,
				3B68B657255956A500FD1998 /* Model */,
				3B68B6562559569C00FD1998 /* Controller */,
			);
			path = ConversationList;
			sourceTree = "<group>";
		};
		3B68B6532559567600FD1998 /* Conversations */ = {
			isa = PBXGroup;
			children = (
				3B68B65B255956DC00FD1998 /* Model */,
				3B68B65A255956D700FD1998 /* View */,
				3B68B659255956D000FD1998 /* Controller */,
			);
			path = Conversations;
			sourceTree = "<group>";
		};
		3B68B6542559568000FD1998 /* Profile */ = {
			isa = PBXGroup;
			children = (
				3B68B65E2559577000FD1998 /* Model */,
				3B68B65C2559575A00FD1998 /* Controller */,
			);
			path = Profile;
			sourceTree = "<group>";
		};
		3B68B6552559568A00FD1998 /* Themes */ = {
			isa = PBXGroup;
			children = (
				3B68B6612559579400FD1998 /* Model */,
				3B68B6602559579000FD1998 /* View */,
				3B68B65F2559578900FD1998 /* Controller */,
			);
			path = Themes;
			sourceTree = "<group>";
		};
		3B68B6562559569C00FD1998 /* Controller */ = {
			isa = PBXGroup;
			children = (
				3B7D3270251DF43A002FD929 /* ConversationsListViewController.swift */,
			);
			path = Controller;
			sourceTree = "<group>";
		};
		3B68B657255956A500FD1998 /* Model */ = {
			isa = PBXGroup;
			children = (
				3B5EFD75253D908700E19AA1 /* Channel.swift */,
				3B68B672255A9DD400FD1998 /* ConversationListModel.swift */,
			);
			path = Model;
			sourceTree = "<group>";
		};
		3B68B658255956AA00FD1998 /* View */ = {
			isa = PBXGroup;
			children = (
				3B7D3277251E06B0002FD929 /* ConversationCell.swift */,
				3B7D3278251E06B0002FD929 /* ConversationCell.xib */,
			);
			path = View;
			sourceTree = "<group>";
		};
		3B68B659255956D000FD1998 /* Controller */ = {
			isa = PBXGroup;
			children = (
				3B7D328125226BA9002FD929 /* ConversationViewController.swift */,
			);
			path = Controller;
			sourceTree = "<group>";
		};
		3B68B65A255956D700FD1998 /* View */ = {
			isa = PBXGroup;
			children = (
				3B7D328525233752002FD929 /* MessageCell.swift */,
				3B7D328625233752002FD929 /* MessageCell.xib */,
			);
			path = View;
			sourceTree = "<group>";
		};
		3B68B65B255956DC00FD1998 /* Model */ = {
			isa = PBXGroup;
			children = (
				3B5EFD77253D912000E19AA1 /* Message.swift */,
				3B68B678255AF28700FD1998 /* ConversationsModel.swift */,
			);
			path = Model;
			sourceTree = "<group>";
		};
		3B68B65C2559575A00FD1998 /* Controller */ = {
			isa = PBXGroup;
			children = (
				3B15E279250E0C7300BC7E69 /* ProfileViewController.swift */,
			);
			path = Controller;
			sourceTree = "<group>";
		};
		3B68B65E2559577000FD1998 /* Model */ = {
			isa = PBXGroup;
			children = (
				3B65B76D2534AB93004B760E /* ProfileInfo.swift */,
				3B68B67F255D23E400FD1998 /* ProfileModel.swift */,
			);
			path = Model;
			sourceTree = "<group>";
		};
		3B68B65F2559578900FD1998 /* Controller */ = {
			isa = PBXGroup;
			children = (
				3B7D32912529E1BE002FD929 /* ThemesViewController.swift */,
			);
			path = Controller;
			sourceTree = "<group>";
		};
		3B68B6602559579000FD1998 /* View */ = {
			isa = PBXGroup;
			children = (
				3B7D328F2529E0C8002FD929 /* Themes.storyboard */,
			);
			path = View;
			sourceTree = "<group>";
		};
		3B68B6612559579400FD1998 /* Model */ = {
			isa = PBXGroup;
			children = (
				3B6D691B252BA38000EAE76F /* ThemeColors.swift */,
			);
			path = Model;
			sourceTree = "<group>";
		};
		3B68B6622559673500FD1998 /* ServiceLayer */ = {
			isa = PBXGroup;
			children = (
				3B68B6652559679800FD1998 /* Assembly */,
				3B68B6642559675800FD1998 /* Managers */,
				3B68B6632559674000FD1998 /* Protocols */,
			);
			path = ServiceLayer;
			sourceTree = "<group>";
		};
		3B68B6632559674000FD1998 /* Protocols */ = {
			isa = PBXGroup;
			children = (
				3B65B7672534789F004B760E /* DataManagerProtocol.swift */,
				3B7D327B25221096002FD929 /* ConfigurableView.swift */,
				3B6D6919252B7EE600EAE76F /* ThemesPickerDelegate.swift */,
			);
			path = Protocols;
			sourceTree = "<group>";
		};
		3B68B6642559675800FD1998 /* Managers */ = {
			isa = PBXGroup;
			children = (
				3B65B76525347866004B760E /* GCDDataManager.swift */,
				3B65B769253478B1004B760E /* OperationDataManager.swift */,
				3B6D691D252C77FF00EAE76F /* ThemeManager.swift */,
				3B68B66C2559A18900FD1998 /* CoreDataManager.swift */,
				3B68B66E255A8A1C00FD1998 /* FirebaseManager.swift */,
				3B68B67A255C086700FD1998 /* AlertManager.swift */,
			);
			path = Managers;
			sourceTree = "<group>";
		};
		3B68B6652559679800FD1998 /* Assembly */ = {
			isa = PBXGroup;
			children = (
				3B68B670255A8D5500FD1998 /* ServiceAssembly.swift */,
			);
			path = Assembly;
			sourceTree = "<group>";
		};
		3B68B666255967AD00FD1998 /* CoreLayer */ = {
			isa = PBXGroup;
			children = (
				3B68B667255967C200FD1998 /* Assembly */,
				3B68B67E255D21D600FD1998 /* Profile Data */,
				3B5EFD7C2545854C00E19AA1 /* Core Data */,
			);
			path = CoreLayer;
			sourceTree = "<group>";
		};
		3B68B667255967C200FD1998 /* Assembly */ = {
			isa = PBXGroup;
			children = (
				3B68B66A25599D6600FD1998 /* CoreAssembly.swift */,
			);
			path = Assembly;
			sourceTree = "<group>";
		};
		3B68B668255967F800FD1998 /* SupportingFiles */ = {
			isa = PBXGroup;
			children = (
				3B7D32632514F45B002FD929 /* Fonts */,
				3B15E27E250E0C7600BC7E69 /* Assets.xcassets */,
				3B15E28B250E107300BC7E69 /* SwitchLogs.swift */,
				3B7D3272251DF6D0002FD929 /* Constants.swift */,
			);
			path = SupportingFiles;
			sourceTree = "<group>";
		};
		3B68B67E255D21D600FD1998 /* Profile Data */ = {
			isa = PBXGroup;
			children = (
				3B65B76B25347DA9004B760E /* Files.swift */,
			);
			path = "Profile Data";
			sourceTree = "<group>";
		};
		3B7D32632514F45B002FD929 /* Fonts */ = {
			isa = PBXGroup;
			children = (
				3B7D32612514F2BB002FD929 /* SF-Pro-Display-Regular.otf */,
				3B7D326425175913002FD929 /* SF-Pro-Text-Regular.otf */,
				3B7D326625175CA6002FD929 /* Roboto-Regular.ttf */,
			);
			path = Fonts;
			sourceTree = "<group>";
		};
		9159A1FCF42D4D1F47A78179 /* Pods */ = {
			isa = PBXGroup;
			children = (
				C8C554D28ECAF252CE784E6F /* Pods-ChatForTinkoff.debug.xcconfig */,
				9D5B0A40E019E6795C4D3E46 /* Pods-ChatForTinkoff.release.xcconfig */,
			);
			path = Pods;
			sourceTree = "<group>";
		};
		B6B1F50741A21EDB33CF421B /* Frameworks */ = {
			isa = PBXGroup;
			children = (
				C38F21D33D194EF7369F0D3D /* Pods_ChatForTinkoff.framework */,
			);
			name = Frameworks;
			sourceTree = "<group>";
		};
/* End PBXGroup section */

/* Begin PBXNativeTarget section */
		3B15E271250E0C7300BC7E69 /* ChatForTinkoff */ = {
			isa = PBXNativeTarget;
			buildConfigurationList = 3B15E286250E0C7600BC7E69 /* Build configuration list for PBXNativeTarget "ChatForTinkoff" */;
			buildPhases = (
				7B252D30F92E6275E41341C0 /* [CP] Check Pods Manifest.lock */,
				3B15E26E250E0C7300BC7E69 /* Sources */,
				3B15E26F250E0C7300BC7E69 /* Frameworks */,
				3B15E270250E0C7300BC7E69 /* Resources */,
				D02682CF8CA43BA43A876448 /* [CP] Embed Pods Frameworks */,
				3B5EFD74253C62FC00E19AA1 /* ShellScript */,
			);
			buildRules = (
			);
			dependencies = (
			);
			name = ChatForTinkoff;
			productName = ChatForTinkoff;
			productReference = 3B15E272250E0C7300BC7E69 /* ChatForTinkoff.app */;
			productType = "com.apple.product-type.application";
		};
/* End PBXNativeTarget section */

/* Begin PBXProject section */
		3B15E26A250E0C7300BC7E69 /* Project object */ = {
			isa = PBXProject;
			attributes = {
				LastSwiftUpdateCheck = 1160;
				LastUpgradeCheck = 1160;
				ORGANIZATIONNAME = "Александра Колесова";
				TargetAttributes = {
					3B15E271250E0C7300BC7E69 = {
						CreatedOnToolsVersion = 11.6;
					};
				};
			};
			buildConfigurationList = 3B15E26D250E0C7300BC7E69 /* Build configuration list for PBXProject "ChatForTinkoff" */;
			compatibilityVersion = "Xcode 9.3";
			developmentRegion = en;
			hasScannedForEncodings = 0;
			knownRegions = (
				en,
				Base,
			);
			mainGroup = 3B15E269250E0C7300BC7E69;
			productRefGroup = 3B15E273250E0C7300BC7E69 /* Products */;
			projectDirPath = "";
			projectRoot = "";
			targets = (
				3B15E271250E0C7300BC7E69 /* ChatForTinkoff */,
			);
		};
/* End PBXProject section */

/* Begin PBXResourcesBuildPhase section */
		3B15E270250E0C7300BC7E69 /* Resources */ = {
			isa = PBXResourcesBuildPhase;
			buildActionMask = 2147483647;
			files = (
				3B7D326725175CA6002FD929 /* Roboto-Regular.ttf in Resources */,
				3B15E282250E0C7600BC7E69 /* LaunchScreen.storyboard in Resources */,
				3B7D32902529E0C9002FD929 /* Themes.storyboard in Resources */,
				3B7D326525175913002FD929 /* SF-Pro-Text-Regular.otf in Resources */,
				3B15E27F250E0C7600BC7E69 /* Assets.xcassets in Resources */,
				3B7D327A251E06B0002FD929 /* ConversationCell.xib in Resources */,
				3B7D328825233752002FD929 /* MessageCell.xib in Resources */,
				3B5EFD73253C5E3700E19AA1 /* GoogleService-Info.plist in Resources */,
				3B7D32622514F2BB002FD929 /* SF-Pro-Display-Regular.otf in Resources */,
				3B15E27D250E0C7300BC7E69 /* Main.storyboard in Resources */,
			);
			runOnlyForDeploymentPostprocessing = 0;
		};
/* End PBXResourcesBuildPhase section */

/* Begin PBXShellScriptBuildPhase section */
		3B5EFD74253C62FC00E19AA1 /* ShellScript */ = {
			isa = PBXShellScriptBuildPhase;
			buildActionMask = 2147483647;
			files = (
			);
			inputFileListPaths = (
			);
			inputPaths = (
			);
			outputFileListPaths = (
			);
			outputPaths = (
			);
			runOnlyForDeploymentPostprocessing = 0;
			shellPath = /bin/sh;
			shellScript = "\"${PODS_ROOT}/SwiftLint/swiftlint\"\n";
		};
		7B252D30F92E6275E41341C0 /* [CP] Check Pods Manifest.lock */ = {
			isa = PBXShellScriptBuildPhase;
			buildActionMask = 2147483647;
			files = (
			);
			inputFileListPaths = (
			);
			inputPaths = (
				"${PODS_PODFILE_DIR_PATH}/Podfile.lock",
				"${PODS_ROOT}/Manifest.lock",
			);
			name = "[CP] Check Pods Manifest.lock";
			outputFileListPaths = (
			);
			outputPaths = (
				"$(DERIVED_FILE_DIR)/Pods-ChatForTinkoff-checkManifestLockResult.txt",
			);
			runOnlyForDeploymentPostprocessing = 0;
			shellPath = /bin/sh;
			shellScript = "diff \"${PODS_PODFILE_DIR_PATH}/Podfile.lock\" \"${PODS_ROOT}/Manifest.lock\" > /dev/null\nif [ $? != 0 ] ; then\n    # print error to STDERR\n    echo \"error: The sandbox is not in sync with the Podfile.lock. Run 'pod install' or update your CocoaPods installation.\" >&2\n    exit 1\nfi\n# This output is used by Xcode 'outputs' to avoid re-running this script phase.\necho \"SUCCESS\" > \"${SCRIPT_OUTPUT_FILE_0}\"\n";
			showEnvVarsInLog = 0;
		};
		D02682CF8CA43BA43A876448 /* [CP] Embed Pods Frameworks */ = {
			isa = PBXShellScriptBuildPhase;
			buildActionMask = 2147483647;
			files = (
			);
			inputFileListPaths = (
				"${PODS_ROOT}/Target Support Files/Pods-ChatForTinkoff/Pods-ChatForTinkoff-frameworks-${CONFIGURATION}-input-files.xcfilelist",
			);
			name = "[CP] Embed Pods Frameworks";
			outputFileListPaths = (
				"${PODS_ROOT}/Target Support Files/Pods-ChatForTinkoff/Pods-ChatForTinkoff-frameworks-${CONFIGURATION}-output-files.xcfilelist",
			);
			runOnlyForDeploymentPostprocessing = 0;
			shellPath = /bin/sh;
			shellScript = "\"${PODS_ROOT}/Target Support Files/Pods-ChatForTinkoff/Pods-ChatForTinkoff-frameworks.sh\"\n";
			showEnvVarsInLog = 0;
		};
/* End PBXShellScriptBuildPhase section */

/* Begin PBXSourcesBuildPhase section */
		3B15E26E250E0C7300BC7E69 /* Sources */ = {
			isa = PBXSourcesBuildPhase;
			buildActionMask = 2147483647;
			files = (
				3B68B66F255A8A1C00FD1998 /* FirebaseManager.swift in Sources */,
				3B65B76E2534AB93004B760E /* ProfileInfo.swift in Sources */,
				3B15E27A250E0C7300BC7E69 /* ProfileViewController.swift in Sources */,
				3B68B680255D23E400FD1998 /* ProfileModel.swift in Sources */,
				3B68B677255AB45600FD1998 /* PresentationAssembly.swift in Sources */,
				3B7D32922529E1BE002FD929 /* ThemesViewController.swift in Sources */,
				3B7D328225226BA9002FD929 /* ConversationViewController.swift in Sources */,
				3B65B76625347866004B760E /* GCDDataManager.swift in Sources */,
				3B5EFD802545C7AC00E19AA1 /* ObjectsExtensions.swift in Sources */,
				3B7D3271251DF43B002FD929 /* ConversationsListViewController.swift in Sources */,
				3B5EFD7B254584FD00E19AA1 /* Chat.xcdatamodeld in Sources */,
				3B68B66B25599D6600FD1998 /* CoreAssembly.swift in Sources */,
				3B68B673255A9DD400FD1998 /* ConversationListModel.swift in Sources */,
				3B65B7682534789F004B760E /* DataManagerProtocol.swift in Sources */,
				3B7D328725233752002FD929 /* MessageCell.swift in Sources */,
				3B68B671255A8D5500FD1998 /* ServiceAssembly.swift in Sources */,
				3B15E276250E0C7300BC7E69 /* AppDelegate.swift in Sources */,
				3B15E28C250E107300BC7E69 /* SwitchLogs.swift in Sources */,
				3B5EFD76253D908700E19AA1 /* Channel.swift in Sources */,
				3B68B67B255C086700FD1998 /* AlertManager.swift in Sources */,
				3B6D691A252B7EE600EAE76F /* ThemesPickerDelegate.swift in Sources */,
				3B6D691E252C77FF00EAE76F /* ThemeManager.swift in Sources */,
				3B65B76A253478B1004B760E /* OperationDataManager.swift in Sources */,
				3B5EFD78253D912000E19AA1 /* Message.swift in Sources */,
				3B68B66D2559A18900FD1998 /* CoreDataManager.swift in Sources */,
				3B7D3273251DF6D0002FD929 /* Constants.swift in Sources */,
				3B5EFD7E2545857500E19AA1 /* CoreDataStack.swift in Sources */,
				3B68B675255AB31600FD1998 /* RootAssembly.swift in Sources */,
				3B68B679255AF28700FD1998 /* ConversationsModel.swift in Sources */,
				3B7D3279251E06B0002FD929 /* ConversationCell.swift in Sources */,
				3B65B76C25347DA9004B760E /* Files.swift in Sources */,
				3B6D691C252BA38000EAE76F /* ThemeColors.swift in Sources */,
				3B7D327C25221097002FD929 /* ConfigurableView.swift in Sources */,
			);
			runOnlyForDeploymentPostprocessing = 0;
		};
/* End PBXSourcesBuildPhase section */

/* Begin PBXVariantGroup section */
		3B15E27B250E0C7300BC7E69 /* Main.storyboard */ = {
			isa = PBXVariantGroup;
			children = (
				3B15E27C250E0C7300BC7E69 /* Base */,
			);
			name = Main.storyboard;
			sourceTree = "<group>";
		};
		3B15E280250E0C7600BC7E69 /* LaunchScreen.storyboard */ = {
			isa = PBXVariantGroup;
			children = (
				3B15E281250E0C7600BC7E69 /* Base */,
			);
			name = LaunchScreen.storyboard;
			sourceTree = "<group>";
		};
/* End PBXVariantGroup section */

/* Begin XCBuildConfiguration section */
		3B15E284250E0C7600BC7E69 /* Debug */ = {
			isa = XCBuildConfiguration;
			buildSettings = {
				ALWAYS_SEARCH_USER_PATHS = NO;
				CLANG_ANALYZER_NONNULL = YES;
				CLANG_ANALYZER_NUMBER_OBJECT_CONVERSION = YES_AGGRESSIVE;
				CLANG_CXX_LANGUAGE_STANDARD = "gnu++14";
				CLANG_CXX_LIBRARY = "libc++";
				CLANG_ENABLE_MODULES = YES;
				CLANG_ENABLE_OBJC_ARC = YES;
				CLANG_ENABLE_OBJC_WEAK = YES;
				CLANG_WARN_BLOCK_CAPTURE_AUTORELEASING = YES;
				CLANG_WARN_BOOL_CONVERSION = YES;
				CLANG_WARN_COMMA = YES;
				CLANG_WARN_CONSTANT_CONVERSION = YES;
				CLANG_WARN_DEPRECATED_OBJC_IMPLEMENTATIONS = YES;
				CLANG_WARN_DIRECT_OBJC_ISA_USAGE = YES_ERROR;
				CLANG_WARN_DOCUMENTATION_COMMENTS = YES;
				CLANG_WARN_EMPTY_BODY = YES;
				CLANG_WARN_ENUM_CONVERSION = YES;
				CLANG_WARN_INFINITE_RECURSION = YES;
				CLANG_WARN_INT_CONVERSION = YES;
				CLANG_WARN_NON_LITERAL_NULL_CONVERSION = YES;
				CLANG_WARN_OBJC_IMPLICIT_RETAIN_SELF = YES;
				CLANG_WARN_OBJC_LITERAL_CONVERSION = YES;
				CLANG_WARN_OBJC_ROOT_CLASS = YES_ERROR;
				CLANG_WARN_RANGE_LOOP_ANALYSIS = YES;
				CLANG_WARN_STRICT_PROTOTYPES = YES;
				CLANG_WARN_SUSPICIOUS_MOVE = YES;
				CLANG_WARN_UNGUARDED_AVAILABILITY = YES_AGGRESSIVE;
				CLANG_WARN_UNREACHABLE_CODE = YES;
				CLANG_WARN__DUPLICATE_METHOD_MATCH = YES;
				COPY_PHASE_STRIP = NO;
				DEBUG_INFORMATION_FORMAT = dwarf;
				ENABLE_STRICT_OBJC_MSGSEND = YES;
				ENABLE_TESTABILITY = YES;
				GCC_C_LANGUAGE_STANDARD = gnu11;
				GCC_DYNAMIC_NO_PIC = NO;
				GCC_NO_COMMON_BLOCKS = YES;
				GCC_OPTIMIZATION_LEVEL = 0;
				GCC_PREPROCESSOR_DEFINITIONS = (
					"DEBUG=1",
					"$(inherited)",
				);
				GCC_WARN_64_TO_32_BIT_CONVERSION = YES;
				GCC_WARN_ABOUT_RETURN_TYPE = YES_ERROR;
				GCC_WARN_UNDECLARED_SELECTOR = YES;
				GCC_WARN_UNINITIALIZED_AUTOS = YES_AGGRESSIVE;
				GCC_WARN_UNUSED_FUNCTION = YES;
				GCC_WARN_UNUSED_VARIABLE = YES;
				IPHONEOS_DEPLOYMENT_TARGET = 12.0;
				MTL_ENABLE_DEBUG_INFO = INCLUDE_SOURCE;
				MTL_FAST_MATH = YES;
				ONLY_ACTIVE_ARCH = YES;
				SDKROOT = iphoneos;
				SWIFT_ACTIVE_COMPILATION_CONDITIONS = DEBUG;
				SWIFT_OPTIMIZATION_LEVEL = "-Onone";
			};
			name = Debug;
		};
		3B15E285250E0C7600BC7E69 /* Release */ = {
			isa = XCBuildConfiguration;
			buildSettings = {
				ALWAYS_SEARCH_USER_PATHS = NO;
				CLANG_ANALYZER_NONNULL = YES;
				CLANG_ANALYZER_NUMBER_OBJECT_CONVERSION = YES_AGGRESSIVE;
				CLANG_CXX_LANGUAGE_STANDARD = "gnu++14";
				CLANG_CXX_LIBRARY = "libc++";
				CLANG_ENABLE_MODULES = YES;
				CLANG_ENABLE_OBJC_ARC = YES;
				CLANG_ENABLE_OBJC_WEAK = YES;
				CLANG_WARN_BLOCK_CAPTURE_AUTORELEASING = YES;
				CLANG_WARN_BOOL_CONVERSION = YES;
				CLANG_WARN_COMMA = YES;
				CLANG_WARN_CONSTANT_CONVERSION = YES;
				CLANG_WARN_DEPRECATED_OBJC_IMPLEMENTATIONS = YES;
				CLANG_WARN_DIRECT_OBJC_ISA_USAGE = YES_ERROR;
				CLANG_WARN_DOCUMENTATION_COMMENTS = YES;
				CLANG_WARN_EMPTY_BODY = YES;
				CLANG_WARN_ENUM_CONVERSION = YES;
				CLANG_WARN_INFINITE_RECURSION = YES;
				CLANG_WARN_INT_CONVERSION = YES;
				CLANG_WARN_NON_LITERAL_NULL_CONVERSION = YES;
				CLANG_WARN_OBJC_IMPLICIT_RETAIN_SELF = YES;
				CLANG_WARN_OBJC_LITERAL_CONVERSION = YES;
				CLANG_WARN_OBJC_ROOT_CLASS = YES_ERROR;
				CLANG_WARN_RANGE_LOOP_ANALYSIS = YES;
				CLANG_WARN_STRICT_PROTOTYPES = YES;
				CLANG_WARN_SUSPICIOUS_MOVE = YES;
				CLANG_WARN_UNGUARDED_AVAILABILITY = YES_AGGRESSIVE;
				CLANG_WARN_UNREACHABLE_CODE = YES;
				CLANG_WARN__DUPLICATE_METHOD_MATCH = YES;
				COPY_PHASE_STRIP = NO;
				DEBUG_INFORMATION_FORMAT = "dwarf-with-dsym";
				ENABLE_NS_ASSERTIONS = NO;
				ENABLE_STRICT_OBJC_MSGSEND = YES;
				GCC_C_LANGUAGE_STANDARD = gnu11;
				GCC_NO_COMMON_BLOCKS = YES;
				GCC_WARN_64_TO_32_BIT_CONVERSION = YES;
				GCC_WARN_ABOUT_RETURN_TYPE = YES_ERROR;
				GCC_WARN_UNDECLARED_SELECTOR = YES;
				GCC_WARN_UNINITIALIZED_AUTOS = YES_AGGRESSIVE;
				GCC_WARN_UNUSED_FUNCTION = YES;
				GCC_WARN_UNUSED_VARIABLE = YES;
				IPHONEOS_DEPLOYMENT_TARGET = 12.0;
				MTL_ENABLE_DEBUG_INFO = NO;
				MTL_FAST_MATH = YES;
				SDKROOT = iphoneos;
				SWIFT_COMPILATION_MODE = wholemodule;
				SWIFT_OPTIMIZATION_LEVEL = "-O";
				VALIDATE_PRODUCT = YES;
			};
			name = Release;
		};
		3B15E287250E0C7600BC7E69 /* Debug */ = {
			isa = XCBuildConfiguration;
			baseConfigurationReference = C8C554D28ECAF252CE784E6F /* Pods-ChatForTinkoff.debug.xcconfig */;
			buildSettings = {
				ASSETCATALOG_COMPILER_APPICON_NAME = AppIcon;
				CODE_SIGN_STYLE = Automatic;
				INFOPLIST_FILE = ChatForTinkoff/Info.plist;
				IPHONEOS_DEPLOYMENT_TARGET = 12.0;
				LD_RUNPATH_SEARCH_PATHS = (
					"$(inherited)",
					"@executable_path/Frameworks",
				);
				PRODUCT_BUNDLE_IDENTIFIER = ru.tinkoff.TinkoffChat;
				PRODUCT_NAME = "$(TARGET_NAME)";
				SWIFT_VERSION = 5.0;
				TARGETED_DEVICE_FAMILY = 1;
			};
			name = Debug;
		};
		3B15E288250E0C7600BC7E69 /* Release */ = {
			isa = XCBuildConfiguration;
			baseConfigurationReference = 9D5B0A40E019E6795C4D3E46 /* Pods-ChatForTinkoff.release.xcconfig */;
			buildSettings = {
				ASSETCATALOG_COMPILER_APPICON_NAME = AppIcon;
				CODE_SIGN_STYLE = Automatic;
				INFOPLIST_FILE = ChatForTinkoff/Info.plist;
				IPHONEOS_DEPLOYMENT_TARGET = 12.0;
				LD_RUNPATH_SEARCH_PATHS = (
					"$(inherited)",
					"@executable_path/Frameworks",
				);
				PRODUCT_BUNDLE_IDENTIFIER = ru.tinkoff.TinkoffChat;
				PRODUCT_NAME = "$(TARGET_NAME)";
				SWIFT_VERSION = 5.0;
				TARGETED_DEVICE_FAMILY = 1;
			};
			name = Release;
		};
/* End XCBuildConfiguration section */

/* Begin XCConfigurationList section */
		3B15E26D250E0C7300BC7E69 /* Build configuration list for PBXProject "ChatForTinkoff" */ = {
			isa = XCConfigurationList;
			buildConfigurations = (
				3B15E284250E0C7600BC7E69 /* Debug */,
				3B15E285250E0C7600BC7E69 /* Release */,
			);
			defaultConfigurationIsVisible = 0;
			defaultConfigurationName = Release;
		};
		3B15E286250E0C7600BC7E69 /* Build configuration list for PBXNativeTarget "ChatForTinkoff" */ = {
			isa = XCConfigurationList;
			buildConfigurations = (
				3B15E287250E0C7600BC7E69 /* Debug */,
				3B15E288250E0C7600BC7E69 /* Release */,
			);
			defaultConfigurationIsVisible = 0;
			defaultConfigurationName = Release;
		};
/* End XCConfigurationList section */

/* Begin XCVersionGroup section */
		3B5EFD79254584FD00E19AA1 /* Chat.xcdatamodeld */ = {
			isa = XCVersionGroup;
			children = (
				3B5EFD7A254584FD00E19AA1 /* Chat.xcdatamodel */,
			);
			currentVersion = 3B5EFD7A254584FD00E19AA1 /* Chat.xcdatamodel */;
			path = Chat.xcdatamodeld;
			sourceTree = "<group>";
			versionGroupType = wrapper.xcdatamodel;
		};
/* End XCVersionGroup section */
	};
	rootObject = 3B15E26A250E0C7300BC7E69 /* Project object */;
}
